
Microsoft Visual Studio Solution File, Format Version 12.00
# Visual Studio Version 17
VisualStudioVersion = 17.8.34511.84
MinimumVisualStudioVersion = 10.0.40219.1
Project("{FAE04EC0-301F-11D3-BF4B-00C04F79EFBC}") = "DependencyInjection", "DependencyInjection\DependencyInjection.csproj", "{CDB7281B-F98A-41D5-B210-12080AFD70A4}"
EndProject
Global
	GlobalSection(SolutionConfigurationPlatforms) = preSolution
		Debug|Any CPU = Debug|Any CPU
		Release|Any CPU = Release|Any CPU
	EndGlobalSection
	GlobalSection(ProjectConfigurationPlatforms) = postSolution
		{CDB7281B-F98A-41D5-B210-12080AFD70A4}.Debug|Any CPU.ActiveCfg = Debug|Any CPU
		{CDB7281B-F98A-41D5-B210-12080AFD70A4}.Debug|Any CPU.Build.0 = Debug|Any CPU
		{CDB7281B-F98A-41D5-B210-12080AFD70A4}.Release|Any CPU.ActiveCfg = Release|Any CPU
		{CDB7281B-F98A-41D5-B210-12080AFD70A4}.Release|Any CPU.Build.0 = Release|Any CPU
	EndGlobalSection
	GlobalSection(SolutionProperties) = preSolution
		HideSolutionNode = FALSE
	EndGlobalSection
	GlobalSection(ExtensibilityGlobals) = postSolution
		SolutionGuid = {5422D316-81EC-4523-8116-AB7523D590B5}
	EndGlobalSection
EndGlobal
